
Microsoft Visual Studio Solution File, Format Version 12.00
# Visual Studio Version 17
VisualStudioVersion = 17.4.33213.308
MinimumVisualStudioVersion = 10.0.40219.1
Project("{FAE04EC0-301F-11D3-BF4B-00C04F79EFBC}") = "NaturalFarma", "NaturalFarma\NaturalFarma.csproj", "{8D9CBC40-CB9A-4940-8CD4-A6586498A2E4}"
EndProject
Global
	GlobalSection(SolutionConfigurationPlatforms) = preSolution
		Debug|Any CPU = Debug|Any CPU
		Release|Any CPU = Release|Any CPU
	EndGlobalSection
	GlobalSection(ProjectConfigurationPlatforms) = postSolution
		{8D9CBC40-CB9A-4940-8CD4-A6586498A2E4}.Debug|Any CPU.ActiveCfg = Debug|Any CPU
		{8D9CBC40-CB9A-4940-8CD4-A6586498A2E4}.Debug|Any CPU.Build.0 = Debug|Any CPU
		{8D9CBC40-CB9A-4940-8CD4-A6586498A2E4}.Release|Any CPU.ActiveCfg = Release|Any CPU
		{8D9CBC40-CB9A-4940-8CD4-A6586498A2E4}.Release|Any CPU.Build.0 = Release|Any CPU
	EndGlobalSection
	GlobalSection(SolutionProperties) = preSolution
		HideSolutionNode = FALSE
	EndGlobalSection
	GlobalSection(ExtensibilityGlobals) = postSolution
		SolutionGuid = {69CE0B9B-9768-42E7-A0E9-79968CD320A1}
	EndGlobalSection
EndGlobal
